
Microsoft Visual Studio Solution File, Format Version 12.00
# Visual Studio 15
VisualStudioVersion = 15.0.26228.4
MinimumVisualStudioVersion = 10.0.40219.1
Project("{2150E333-8FDC-42A3-9474-1A3956D46DE8}") = "src", "src", "{79E15313-B7F7-4AC1-B062-83D379FFEE00}"
EndProject
Project("{2150E333-8FDC-42A3-9474-1A3956D46DE8}") = "tests", "tests", "{771E6CF1-4637-4F3B-80E2-F45489376917}"
EndProject
Project("{9A19103F-16F7-4668-BE54-9A1E7A4F7556}") = "Isidore.MagicMirror.ImageProcessing.Tests", "tests\Isidore.MagicMirror.ImageProcessing.Tests\Isidore.MagicMirror.ImageProcessing.Tests.csproj", "{7A5C5270-A603-42D2-9188-19CFF44A1814}"
EndProject
Project("{9A19103F-16F7-4668-BE54-9A1E7A4F7556}") = "Isidore.MagicMirror.Infrastructure", "src\Isidore.MagicMirror.Infrastructure\Isidore.MagicMirror.Infrastructure.csproj", "{87646170-CCE1-4C7A-BC01-C1F8EA102FC0}"
EndProject
Project("{9A19103F-16F7-4668-BE54-9A1E7A4F7556}") = "Isidore.MagicMirror.Utils", "src\Isidore.MagicMirror.Utils\Isidore.MagicMirror.Utils.csproj", "{18ED4662-CAEB-4932-8450-137B3CE91768}"
EndProject
Project("{9A19103F-16F7-4668-BE54-9A1E7A4F7556}") = "Isidore.MagicMirror.Users.Tests", "tests\Isidore.MagicMirror.Users.Tests\Isidore.MagicMirror.Users.Tests.csproj", "{4924F6D5-4D23-45D7-A1CC-74C6D2A56F3C}"
EndProject
Project("{9A19103F-16F7-4668-BE54-9A1E7A4F7556}") = "Isidore.MagicMirror.API.Tests", "tests\Isidore.MagicMirror.API.Tests\Isidore.MagicMirror.API.Tests.csproj", "{8FED3912-080C-4023-ADDA-D899E6634EED}"
EndProject
Project("{9A19103F-16F7-4668-BE54-9A1E7A4F7556}") = "Isidore.MagicMirror.DAL.MongoDb.Tests", "tests\Isidore.MagicMirror.DAL.MongoDB.Tests\Isidore.MagicMirror.DAL.MongoDb.Tests.csproj", "{06256632-F48A-41B0-BB3B-6831C64B57A5}"
EndProject
Project("{9A19103F-16F7-4668-BE54-9A1E7A4F7556}") = "Isidore.MagicMirror.DAL.MongoDB", "src\Isidore.MagicMirror.DAL.MongoDB\Isidore.MagicMirror.DAL.MongoDB.csproj", "{10894136-333A-4833-B045-97EB2CC2848C}"
EndProject
Project("{E53339B2-1760-4266-BCC7-CA923CBCF16C}") = "Isidore.MagicMirror.Docker", "src\Isidore.MagicMirror.Docker\Isidore.MagicMirror.Docker.dcproj", "{3E22CF0E-7063-4C9A-8F05-7A5955C7B55B}"
EndProject
Project("{2150E333-8FDC-42A3-9474-1A3956D46DE8}") = "Isidore.MagicMirror.User", "Isidore.MagicMirror.User", "{EC94D71B-AA5E-41A9-834D-01CDFE0012E6}"
EndProject
Project("{9A19103F-16F7-4668-BE54-9A1E7A4F7556}") = "Isidore.MagicMirror.ImageProcessing", "src\Isidore.MagicMirror.Users\Isidore.MagicMirror.ImageProcessing\Isidore.MagicMirror.ImageProcessing.csproj", "{39BE6BAE-5373-4639-B2EE-D70276859E85}"
EndProject
Project("{9A19103F-16F7-4668-BE54-9A1E7A4F7556}") = "Isidore.MagicMirror.Users.API", "src\Isidore.MagicMirror.Users\Isidore.MagicMirror.Users.API\Isidore.MagicMirror.Users.API.csproj", "{CE65D815-25A1-4B94-A6F2-C6E48FF05533}"
EndProject
Project("{9A19103F-16F7-4668-BE54-9A1E7A4F7556}") = "Isidore.MagicMirror.Users", "src\Isidore.MagicMirror.Users\Isidore.MagicMirror.Users\Isidore.MagicMirror.Users.csproj", "{2FF47800-FBAF-4282-8D04-DD949C98FE57}"
EndProject
Project("{9A19103F-16F7-4668-BE54-9A1E7A4F7556}") = "Isidore.MagicMirror.WebService", "src\Isidore.MagicMirror.WebService\Isidore.MagicMirror.WebService.csproj", "{67043334-1B9A-4D0E-AE5B-28BDC2787645}"
EndProject
Global
	GlobalSection(SolutionConfigurationPlatforms) = preSolution
		Debug|Any CPU = Debug|Any CPU
		Debug|x64 = Debug|x64
		Debug|x86 = Debug|x86
		Release|Any CPU = Release|Any CPU
		Release|x64 = Release|x64
		Release|x86 = Release|x86
	EndGlobalSection
	GlobalSection(ProjectConfigurationPlatforms) = postSolution
		{7A5C5270-A603-42D2-9188-19CFF44A1814}.Debug|Any CPU.ActiveCfg = Debug|Any CPU
		{7A5C5270-A603-42D2-9188-19CFF44A1814}.Debug|Any CPU.Build.0 = Debug|Any CPU
		{7A5C5270-A603-42D2-9188-19CFF44A1814}.Debug|x64.ActiveCfg = Debug|Any CPU
		{7A5C5270-A603-42D2-9188-19CFF44A1814}.Debug|x64.Build.0 = Debug|Any CPU
		{7A5C5270-A603-42D2-9188-19CFF44A1814}.Debug|x86.ActiveCfg = Debug|Any CPU
		{7A5C5270-A603-42D2-9188-19CFF44A1814}.Debug|x86.Build.0 = Debug|Any CPU
		{7A5C5270-A603-42D2-9188-19CFF44A1814}.Release|Any CPU.ActiveCfg = Debug|Any CPU
		{7A5C5270-A603-42D2-9188-19CFF44A1814}.Release|Any CPU.Build.0 = Debug|Any CPU
		{7A5C5270-A603-42D2-9188-19CFF44A1814}.Release|x64.ActiveCfg = Release|Any CPU
		{7A5C5270-A603-42D2-9188-19CFF44A1814}.Release|x64.Build.0 = Release|Any CPU
		{7A5C5270-A603-42D2-9188-19CFF44A1814}.Release|x86.ActiveCfg = Release|Any CPU
		{7A5C5270-A603-42D2-9188-19CFF44A1814}.Release|x86.Build.0 = Release|Any CPU
		{87646170-CCE1-4C7A-BC01-C1F8EA102FC0}.Debug|Any CPU.ActiveCfg = Debug|Any CPU
		{87646170-CCE1-4C7A-BC01-C1F8EA102FC0}.Debug|Any CPU.Build.0 = Debug|Any CPU
		{87646170-CCE1-4C7A-BC01-C1F8EA102FC0}.Debug|x64.ActiveCfg = Debug|Any CPU
		{87646170-CCE1-4C7A-BC01-C1F8EA102FC0}.Debug|x64.Build.0 = Debug|Any CPU
		{87646170-CCE1-4C7A-BC01-C1F8EA102FC0}.Debug|x86.ActiveCfg = Debug|Any CPU
		{87646170-CCE1-4C7A-BC01-C1F8EA102FC0}.Debug|x86.Build.0 = Debug|Any CPU
		{87646170-CCE1-4C7A-BC01-C1F8EA102FC0}.Release|Any CPU.ActiveCfg = Release|Any CPU
		{87646170-CCE1-4C7A-BC01-C1F8EA102FC0}.Release|Any CPU.Build.0 = Release|Any CPU
		{87646170-CCE1-4C7A-BC01-C1F8EA102FC0}.Release|x64.ActiveCfg = Release|Any CPU
		{87646170-CCE1-4C7A-BC01-C1F8EA102FC0}.Release|x64.Build.0 = Release|Any CPU
		{87646170-CCE1-4C7A-BC01-C1F8EA102FC0}.Release|x86.ActiveCfg = Release|Any CPU
		{87646170-CCE1-4C7A-BC01-C1F8EA102FC0}.Release|x86.Build.0 = Release|Any CPU
		{18ED4662-CAEB-4932-8450-137B3CE91768}.Debug|Any CPU.ActiveCfg = Debug|Any CPU
		{18ED4662-CAEB-4932-8450-137B3CE91768}.Debug|Any CPU.Build.0 = Debug|Any CPU
		{18ED4662-CAEB-4932-8450-137B3CE91768}.Debug|x64.ActiveCfg = Debug|Any CPU
		{18ED4662-CAEB-4932-8450-137B3CE91768}.Debug|x64.Build.0 = Debug|Any CPU
		{18ED4662-CAEB-4932-8450-137B3CE91768}.Debug|x86.ActiveCfg = Debug|Any CPU
		{18ED4662-CAEB-4932-8450-137B3CE91768}.Debug|x86.Build.0 = Debug|Any CPU
		{18ED4662-CAEB-4932-8450-137B3CE91768}.Release|Any CPU.ActiveCfg = Release|Any CPU
		{18ED4662-CAEB-4932-8450-137B3CE91768}.Release|Any CPU.Build.0 = Release|Any CPU
		{18ED4662-CAEB-4932-8450-137B3CE91768}.Release|x64.ActiveCfg = Release|Any CPU
		{18ED4662-CAEB-4932-8450-137B3CE91768}.Release|x64.Build.0 = Release|Any CPU
		{18ED4662-CAEB-4932-8450-137B3CE91768}.Release|x86.ActiveCfg = Release|Any CPU
		{18ED4662-CAEB-4932-8450-137B3CE91768}.Release|x86.Build.0 = Release|Any CPU
		{4924F6D5-4D23-45D7-A1CC-74C6D2A56F3C}.Debug|Any CPU.ActiveCfg = Debug|Any CPU
		{4924F6D5-4D23-45D7-A1CC-74C6D2A56F3C}.Debug|Any CPU.Build.0 = Debug|Any CPU
		{4924F6D5-4D23-45D7-A1CC-74C6D2A56F3C}.Debug|x64.ActiveCfg = Debug|Any CPU
		{4924F6D5-4D23-45D7-A1CC-74C6D2A56F3C}.Debug|x64.Build.0 = Debug|Any CPU
		{4924F6D5-4D23-45D7-A1CC-74C6D2A56F3C}.Debug|x86.ActiveCfg = Debug|Any CPU
		{4924F6D5-4D23-45D7-A1CC-74C6D2A56F3C}.Debug|x86.Build.0 = Debug|Any CPU
		{4924F6D5-4D23-45D7-A1CC-74C6D2A56F3C}.Release|Any CPU.ActiveCfg = Release|Any CPU
		{4924F6D5-4D23-45D7-A1CC-74C6D2A56F3C}.Release|Any CPU.Build.0 = Release|Any CPU
		{4924F6D5-4D23-45D7-A1CC-74C6D2A56F3C}.Release|x64.ActiveCfg = Release|Any CPU
		{4924F6D5-4D23-45D7-A1CC-74C6D2A56F3C}.Release|x64.Build.0 = Release|Any CPU
		{4924F6D5-4D23-45D7-A1CC-74C6D2A56F3C}.Release|x86.ActiveCfg = Release|Any CPU
		{4924F6D5-4D23-45D7-A1CC-74C6D2A56F3C}.Release|x86.Build.0 = Release|Any CPU
		{8FED3912-080C-4023-ADDA-D899E6634EED}.Debug|Any CPU.ActiveCfg = Debug|Any CPU
		{8FED3912-080C-4023-ADDA-D899E6634EED}.Debug|Any CPU.Build.0 = Debug|Any CPU
		{8FED3912-080C-4023-ADDA-D899E6634EED}.Debug|x64.ActiveCfg = Debug|Any CPU
		{8FED3912-080C-4023-ADDA-D899E6634EED}.Debug|x64.Build.0 = Debug|Any CPU
		{8FED3912-080C-4023-ADDA-D899E6634EED}.Debug|x86.ActiveCfg = Debug|Any CPU
		{8FED3912-080C-4023-ADDA-D899E6634EED}.Debug|x86.Build.0 = Debug|Any CPU
		{8FED3912-080C-4023-ADDA-D899E6634EED}.Release|Any CPU.ActiveCfg = Release|Any CPU
		{8FED3912-080C-4023-ADDA-D899E6634EED}.Release|Any CPU.Build.0 = Release|Any CPU
		{8FED3912-080C-4023-ADDA-D899E6634EED}.Release|x64.ActiveCfg = Release|Any CPU
		{8FED3912-080C-4023-ADDA-D899E6634EED}.Release|x64.Build.0 = Release|Any CPU
		{8FED3912-080C-4023-ADDA-D899E6634EED}.Release|x86.ActiveCfg = Release|Any CPU
		{8FED3912-080C-4023-ADDA-D899E6634EED}.Release|x86.Build.0 = Release|Any CPU
		{06256632-F48A-41B0-BB3B-6831C64B57A5}.Debug|Any CPU.ActiveCfg = Debug|Any CPU
		{06256632-F48A-41B0-BB3B-6831C64B57A5}.Debug|Any CPU.Build.0 = Debug|Any CPU
		{06256632-F48A-41B0-BB3B-6831C64B57A5}.Debug|x64.ActiveCfg = Debug|Any CPU
		{06256632-F48A-41B0-BB3B-6831C64B57A5}.Debug|x64.Build.0 = Debug|Any CPU
		{06256632-F48A-41B0-BB3B-6831C64B57A5}.Debug|x86.ActiveCfg = Debug|Any CPU
		{06256632-F48A-41B0-BB3B-6831C64B57A5}.Debug|x86.Build.0 = Debug|Any CPU
		{06256632-F48A-41B0-BB3B-6831C64B57A5}.Release|Any CPU.ActiveCfg = Release|Any CPU
		{06256632-F48A-41B0-BB3B-6831C64B57A5}.Release|Any CPU.Build.0 = Release|Any CPU
		{06256632-F48A-41B0-BB3B-6831C64B57A5}.Release|x64.ActiveCfg = Release|Any CPU
		{06256632-F48A-41B0-BB3B-6831C64B57A5}.Release|x64.Build.0 = Release|Any CPU
		{06256632-F48A-41B0-BB3B-6831C64B57A5}.Release|x86.ActiveCfg = Release|Any CPU
		{06256632-F48A-41B0-BB3B-6831C64B57A5}.Release|x86.Build.0 = Release|Any CPU
		{10894136-333A-4833-B045-97EB2CC2848C}.Debug|Any CPU.ActiveCfg = Debug|Any CPU
		{10894136-333A-4833-B045-97EB2CC2848C}.Debug|Any CPU.Build.0 = Debug|Any CPU
		{10894136-333A-4833-B045-97EB2CC2848C}.Debug|x64.ActiveCfg = Debug|Any CPU
		{10894136-333A-4833-B045-97EB2CC2848C}.Debug|x64.Build.0 = Debug|Any CPU
		{10894136-333A-4833-B045-97EB2CC2848C}.Debug|x86.ActiveCfg = Debug|Any CPU
		{10894136-333A-4833-B045-97EB2CC2848C}.Debug|x86.Build.0 = Debug|Any CPU
		{10894136-333A-4833-B045-97EB2CC2848C}.Release|Any CPU.ActiveCfg = Release|Any CPU
		{10894136-333A-4833-B045-97EB2CC2848C}.Release|Any CPU.Build.0 = Release|Any CPU
		{10894136-333A-4833-B045-97EB2CC2848C}.Release|x64.ActiveCfg = Release|Any CPU
		{10894136-333A-4833-B045-97EB2CC2848C}.Release|x64.Build.0 = Release|Any CPU
		{10894136-333A-4833-B045-97EB2CC2848C}.Release|x86.ActiveCfg = Release|Any CPU
		{10894136-333A-4833-B045-97EB2CC2848C}.Release|x86.Build.0 = Release|Any CPU
		{3E22CF0E-7063-4C9A-8F05-7A5955C7B55B}.Debug|Any CPU.ActiveCfg = Debug|Any CPU
		{3E22CF0E-7063-4C9A-8F05-7A5955C7B55B}.Debug|Any CPU.Build.0 = Debug|Any CPU
		{3E22CF0E-7063-4C9A-8F05-7A5955C7B55B}.Debug|x64.ActiveCfg = Debug|Any CPU
		{3E22CF0E-7063-4C9A-8F05-7A5955C7B55B}.Debug|x64.Build.0 = Debug|Any CPU
		{3E22CF0E-7063-4C9A-8F05-7A5955C7B55B}.Debug|x86.ActiveCfg = Debug|Any CPU
		{3E22CF0E-7063-4C9A-8F05-7A5955C7B55B}.Debug|x86.Build.0 = Debug|Any CPU
		{3E22CF0E-7063-4C9A-8F05-7A5955C7B55B}.Release|Any CPU.ActiveCfg = Release|Any CPU
		{3E22CF0E-7063-4C9A-8F05-7A5955C7B55B}.Release|Any CPU.Build.0 = Release|Any CPU
		{3E22CF0E-7063-4C9A-8F05-7A5955C7B55B}.Release|x64.ActiveCfg = Release|Any CPU
		{3E22CF0E-7063-4C9A-8F05-7A5955C7B55B}.Release|x64.Build.0 = Release|Any CPU
		{3E22CF0E-7063-4C9A-8F05-7A5955C7B55B}.Release|x86.ActiveCfg = Release|Any CPU
		{3E22CF0E-7063-4C9A-8F05-7A5955C7B55B}.Release|x86.Build.0 = Release|Any CPU
		{39BE6BAE-5373-4639-B2EE-D70276859E85}.Debug|Any CPU.ActiveCfg = Debug|Any CPU
		{39BE6BAE-5373-4639-B2EE-D70276859E85}.Debug|Any CPU.Build.0 = Debug|Any CPU
		{39BE6BAE-5373-4639-B2EE-D70276859E85}.Debug|x64.ActiveCfg = Debug|Any CPU
		{39BE6BAE-5373-4639-B2EE-D70276859E85}.Debug|x64.Build.0 = Debug|Any CPU
		{39BE6BAE-5373-4639-B2EE-D70276859E85}.Debug|x86.ActiveCfg = Debug|Any CPU
		{39BE6BAE-5373-4639-B2EE-D70276859E85}.Debug|x86.Build.0 = Debug|Any CPU
		{39BE6BAE-5373-4639-B2EE-D70276859E85}.Release|Any CPU.ActiveCfg = Release|Any CPU
		{39BE6BAE-5373-4639-B2EE-D70276859E85}.Release|Any CPU.Build.0 = Release|Any CPU
		{39BE6BAE-5373-4639-B2EE-D70276859E85}.Release|x64.ActiveCfg = Release|Any CPU
		{39BE6BAE-5373-4639-B2EE-D70276859E85}.Release|x64.Build.0 = Release|Any CPU
		{39BE6BAE-5373-4639-B2EE-D70276859E85}.Release|x86.ActiveCfg = Release|Any CPU
		{39BE6BAE-5373-4639-B2EE-D70276859E85}.Release|x86.Build.0 = Release|Any CPU
		{CE65D815-25A1-4B94-A6F2-C6E48FF05533}.Debug|Any CPU.ActiveCfg = Debug|Any CPU
		{CE65D815-25A1-4B94-A6F2-C6E48FF05533}.Debug|Any CPU.Build.0 = Debug|Any CPU
		{CE65D815-25A1-4B94-A6F2-C6E48FF05533}.Debug|x64.ActiveCfg = Debug|Any CPU
		{CE65D815-25A1-4B94-A6F2-C6E48FF05533}.Debug|x64.Build.0 = Debug|Any CPU
		{CE65D815-25A1-4B94-A6F2-C6E48FF05533}.Debug|x86.ActiveCfg = Debug|Any CPU
		{CE65D815-25A1-4B94-A6F2-C6E48FF05533}.Debug|x86.Build.0 = Debug|Any CPU
		{CE65D815-25A1-4B94-A6F2-C6E48FF05533}.Release|Any CPU.ActiveCfg = Release|Any CPU
		{CE65D815-25A1-4B94-A6F2-C6E48FF05533}.Release|Any CPU.Build.0 = Release|Any CPU
		{CE65D815-25A1-4B94-A6F2-C6E48FF05533}.Release|x64.ActiveCfg = Release|Any CPU
		{CE65D815-25A1-4B94-A6F2-C6E48FF05533}.Release|x64.Build.0 = Release|Any CPU
		{CE65D815-25A1-4B94-A6F2-C6E48FF05533}.Release|x86.ActiveCfg = Release|Any CPU
		{CE65D815-25A1-4B94-A6F2-C6E48FF05533}.Release|x86.Build.0 = Release|Any CPU
		{2FF47800-FBAF-4282-8D04-DD949C98FE57}.Debug|Any CPU.ActiveCfg = Debug|Any CPU
		{2FF47800-FBAF-4282-8D04-DD949C98FE57}.Debug|Any CPU.Build.0 = Debug|Any CPU
		{2FF47800-FBAF-4282-8D04-DD949C98FE57}.Debug|x64.ActiveCfg = Debug|Any CPU
		{2FF47800-FBAF-4282-8D04-DD949C98FE57}.Debug|x64.Build.0 = Debug|Any CPU
		{2FF47800-FBAF-4282-8D04-DD949C98FE57}.Debug|x86.ActiveCfg = Debug|Any CPU
		{2FF47800-FBAF-4282-8D04-DD949C98FE57}.Debug|x86.Build.0 = Debug|Any CPU
		{2FF47800-FBAF-4282-8D04-DD949C98FE57}.Release|Any CPU.ActiveCfg = Release|Any CPU
		{2FF47800-FBAF-4282-8D04-DD949C98FE57}.Release|Any CPU.Build.0 = Release|Any CPU
		{2FF47800-FBAF-4282-8D04-DD949C98FE57}.Release|x64.ActiveCfg = Release|Any CPU
		{2FF47800-FBAF-4282-8D04-DD949C98FE57}.Release|x64.Build.0 = Release|Any CPU
		{2FF47800-FBAF-4282-8D04-DD949C98FE57}.Release|x86.ActiveCfg = Release|Any CPU
		{2FF47800-FBAF-4282-8D04-DD949C98FE57}.Release|x86.Build.0 = Release|Any CPU
		{67043334-1B9A-4D0E-AE5B-28BDC2787645}.Debug|Any CPU.ActiveCfg = Debug|Any CPU
		{67043334-1B9A-4D0E-AE5B-28BDC2787645}.Debug|Any CPU.Build.0 = Debug|Any CPU
		{67043334-1B9A-4D0E-AE5B-28BDC2787645}.Debug|x64.ActiveCfg = Debug|Any CPU
		{67043334-1B9A-4D0E-AE5B-28BDC2787645}.Debug|x64.Build.0 = Debug|Any CPU
		{67043334-1B9A-4D0E-AE5B-28BDC2787645}.Debug|x86.ActiveCfg = Debug|Any CPU
		{67043334-1B9A-4D0E-AE5B-28BDC2787645}.Debug|x86.Build.0 = Debug|Any CPU
		{67043334-1B9A-4D0E-AE5B-28BDC2787645}.Release|Any CPU.ActiveCfg = Release|Any CPU
		{67043334-1B9A-4D0E-AE5B-28BDC2787645}.Release|Any CPU.Build.0 = Release|Any CPU
		{67043334-1B9A-4D0E-AE5B-28BDC2787645}.Release|x64.ActiveCfg = Release|Any CPU
		{67043334-1B9A-4D0E-AE5B-28BDC2787645}.Release|x64.Build.0 = Release|Any CPU
		{67043334-1B9A-4D0E-AE5B-28BDC2787645}.Release|x86.ActiveCfg = Release|Any CPU
		{67043334-1B9A-4D0E-AE5B-28BDC2787645}.Release|x86.Build.0 = Release|Any CPU
	EndGlobalSection
	GlobalSection(SolutionProperties) = preSolution
		HideSolutionNode = FALSE
	EndGlobalSection
	GlobalSection(NestedProjects) = preSolution
		{7A5C5270-A603-42D2-9188-19CFF44A1814} = {771E6CF1-4637-4F3B-80E2-F45489376917}
		{87646170-CCE1-4C7A-BC01-C1F8EA102FC0} = {79E15313-B7F7-4AC1-B062-83D379FFEE00}
		{18ED4662-CAEB-4932-8450-137B3CE91768} = {79E15313-B7F7-4AC1-B062-83D379FFEE00}
		{4924F6D5-4D23-45D7-A1CC-74C6D2A56F3C} = {771E6CF1-4637-4F3B-80E2-F45489376917}
		{8FED3912-080C-4023-ADDA-D899E6634EED} = {771E6CF1-4637-4F3B-80E2-F45489376917}
		{06256632-F48A-41B0-BB3B-6831C64B57A5} = {771E6CF1-4637-4F3B-80E2-F45489376917}
		{10894136-333A-4833-B045-97EB2CC2848C} = {79E15313-B7F7-4AC1-B062-83D379FFEE00}
		{3E22CF0E-7063-4C9A-8F05-7A5955C7B55B} = {79E15313-B7F7-4AC1-B062-83D379FFEE00}
		{EC94D71B-AA5E-41A9-834D-01CDFE0012E6} = {79E15313-B7F7-4AC1-B062-83D379FFEE00}
		{39BE6BAE-5373-4639-B2EE-D70276859E85} = {EC94D71B-AA5E-41A9-834D-01CDFE0012E6}
		{CE65D815-25A1-4B94-A6F2-C6E48FF05533} = {EC94D71B-AA5E-41A9-834D-01CDFE0012E6}
		{2FF47800-FBAF-4282-8D04-DD949C98FE57} = {EC94D71B-AA5E-41A9-834D-01CDFE0012E6}
		{67043334-1B9A-4D0E-AE5B-28BDC2787645} = {79E15313-B7F7-4AC1-B062-83D379FFEE00}
	EndGlobalSection
	GlobalSection(ExtensibilityGlobals) = postSolution
		SolutionGuid = {AE61339F-6763-4A49-8652-31C777D90ACA}
	EndGlobalSection
EndGlobal
