
Microsoft Visual Studio Solution File, Format Version 12.00
# Visual Studio 15
VisualStudioVersion = 15.0.26403.7
MinimumVisualStudioVersion = 10.0.40219.1
Project("{2150E333-8FDC-42A3-9474-1A3956D46DE8}") = "src", "src", "{79E15313-B7F7-4AC1-B062-83D379FFEE00}"
EndProject
Project("{2150E333-8FDC-42A3-9474-1A3956D46DE8}") = "tests", "tests", "{771E6CF1-4637-4F3B-80E2-F45489376917}"
EndProject
Project("{9A19103F-16F7-4668-BE54-9A1E7A4F7556}") = "Isidore.MagicMirror.ImageProcessing.Tests", "tests\Isidore.MagicMirror.ImageProcessing.Tests\Isidore.MagicMirror.ImageProcessing.Tests.csproj", "{7A5C5270-A603-42D2-9188-19CFF44A1814}"
EndProject
Project("{9A19103F-16F7-4668-BE54-9A1E7A4F7556}") = "Isidore.MagicMirror.Infrastructure", "src\Isidore.MagicMirror.Infrastructure\Isidore.MagicMirror.Infrastructure.csproj", "{87646170-CCE1-4C7A-BC01-C1F8EA102FC0}"
EndProject
Project("{9A19103F-16F7-4668-BE54-9A1E7A4F7556}") = "Isidore.MagicMirror.Utils", "src\Isidore.MagicMirror.Utils\Isidore.MagicMirror.Utils.csproj", "{18ED4662-CAEB-4932-8450-137B3CE91768}"
EndProject
Project("{9A19103F-16F7-4668-BE54-9A1E7A4F7556}") = "Isidore.MagicMirror.Users.Tests", "tests\Isidore.MagicMirror.Users.Tests\Isidore.MagicMirror.Users.Tests.csproj", "{4924F6D5-4D23-45D7-A1CC-74C6D2A56F3C}"
EndProject
Project("{9A19103F-16F7-4668-BE54-9A1E7A4F7556}") = "Isidore.MagicMirror.DAL.MongoDb.Tests", "tests\Isidore.MagicMirror.DAL.MongoDB.Tests\Isidore.MagicMirror.DAL.MongoDb.Tests.csproj", "{06256632-F48A-41B0-BB3B-6831C64B57A5}"
EndProject
Project("{9A19103F-16F7-4668-BE54-9A1E7A4F7556}") = "Isidore.MagicMirror.DAL.MongoDB", "src\Isidore.MagicMirror.DAL.MongoDB\Isidore.MagicMirror.DAL.MongoDB.csproj", "{10894136-333A-4833-B045-97EB2CC2848C}"
EndProject
Project("{E53339B2-1760-4266-BCC7-CA923CBCF16C}") = "Isidore.MagicMirror.Docker", "src\Isidore.MagicMirror.Docker\Isidore.MagicMirror.Docker.dcproj", "{3E22CF0E-7063-4C9A-8F05-7A5955C7B55B}"
	ProjectSection(ProjectDependencies) = postProject
		{BABFF772-8F01-46ED-ACB5-655B7515F1AD} = {BABFF772-8F01-46ED-ACB5-655B7515F1AD}
		{A58268C0-26CF-419D-BB3E-8994B490E448} = {A58268C0-26CF-419D-BB3E-8994B490E448}
	EndProjectSection
EndProject
Project("{2150E333-8FDC-42A3-9474-1A3956D46DE8}") = "Isidore.MagicMirror.User", "Isidore.MagicMirror.User", "{EC94D71B-AA5E-41A9-834D-01CDFE0012E6}"
EndProject
Project("{2150E333-8FDC-42A3-9474-1A3956D46DE8}") = "Isidore.MagicMirror.Widgets", "Isidore.MagicMirror.Widgets", "{B60970D6-1B52-44E1-8612-5DE9AF0654FA}"
EndProject
Project("{FAE04EC0-301F-11D3-BF4B-00C04F79EFBC}") = "Isidore.MagicMirror.Widgets", "src\Isidore.MagicMirror.Widgets\Isidore.MagicMirror.Widgets\Isidore.MagicMirror.Widgets.csproj", "{A3E91122-60C0-4ED7-9527-5EE5C662BE1C}"
EndProject
Project("{9A19103F-16F7-4668-BE54-9A1E7A4F7556}") = "Isidore.MagicMirror.ImageProcessing", "src\Isidore.MagicMirror.Users\Isidore.MagicMirror.ImageProcessing\Isidore.MagicMirror.ImageProcessing.csproj", "{43E438D5-2882-4BC6-9DC3-39C26B38E605}"
EndProject
Project("{9A19103F-16F7-4668-BE54-9A1E7A4F7556}") = "Isidore.MagicMirror.Users", "src\Isidore.MagicMirror.Users\Isidore.MagicMirror.Users\Isidore.MagicMirror.Users.csproj", "{A54595AD-B0BA-4968-BAD1-615F93976661}"
EndProject
Project("{9A19103F-16F7-4668-BE54-9A1E7A4F7556}") = "Isidore.MagicMirror.Users.API", "src\Isidore.MagicMirror.Users\Isidore.MagicMirror.Users.API\Isidore.MagicMirror.Users.API.csproj", "{A58268C0-26CF-419D-BB3E-8994B490E448}"
EndProject
Project("{FAE04EC0-301F-11D3-BF4B-00C04F79EFBC}") = "Isidore.MagicMirror.Widgets.API", "src\Isidore.MagicMirror.Widgets\Isidore.MagicMirror.Widgets.API\Isidore.MagicMirror.Widgets.API.csproj", "{BABFF772-8F01-46ED-ACB5-655B7515F1AD}"
EndProject
Project("{9A19103F-16F7-4668-BE54-9A1E7A4F7556}") = "Isidore.MagicMirror.Widgets.Tests", "tests\Isidore.MagicMirror.Widgets.Tests\Isidore.MagicMirror.Widgets.Tests.csproj", "{C3048819-367C-4F55-8B03-872F55B4A369}"
EndProject
Project("{9A19103F-16F7-4668-BE54-9A1E7A4F7556}") = "Isidore.MagicMirror.WebService", "src\Isidore.MagicMirror.WebService\Isidore.MagicMirror.WebService.csproj", "{DED331DB-FB04-4A49-9A07-75798511C54F}"
EndProject
Project("{9A19103F-16F7-4668-BE54-9A1E7A4F7556}") = "Isidore.MagicMirror.Infrastructure.Tests", "tests\Isidore.MagicMirror.Infrastructure.Tests\Isidore.MagicMirror.Infrastructure.Tests.csproj", "{5B40B24D-BA7E-45A4-A56D-68AD5275BF38}"
EndProject
Project("{9A19103F-16F7-4668-BE54-9A1E7A4F7556}") = "Isidore.MagicMirror.API.Tests", "tests\Isidore.MagicMirror.API.Tests\Isidore.MagicMirror.API.Tests.csproj", "{45EBA47D-F7A0-4422-AEBB-B7DAC03E9AE0}"
EndProject
Global
	GlobalSection(SolutionConfigurationPlatforms) = preSolution
		Debug|Any CPU = Debug|Any CPU
		Debug|x64 = Debug|x64
		Debug|x86 = Debug|x86
		Release|Any CPU = Release|Any CPU
		Release|x64 = Release|x64
		Release|x86 = Release|x86
		Release-JP|Any CPU = Release-JP|Any CPU
		Release-JP|x64 = Release-JP|x64
		Release-JP|x86 = Release-JP|x86
	EndGlobalSection
	GlobalSection(ProjectConfigurationPlatforms) = postSolution
		{7A5C5270-A603-42D2-9188-19CFF44A1814}.Debug|Any CPU.ActiveCfg = Debug|Any CPU
		{7A5C5270-A603-42D2-9188-19CFF44A1814}.Debug|Any CPU.Build.0 = Debug|Any CPU
		{7A5C5270-A603-42D2-9188-19CFF44A1814}.Debug|x64.ActiveCfg = Debug|Any CPU
		{7A5C5270-A603-42D2-9188-19CFF44A1814}.Debug|x64.Build.0 = Debug|Any CPU
		{7A5C5270-A603-42D2-9188-19CFF44A1814}.Debug|x86.ActiveCfg = Debug|Any CPU
		{7A5C5270-A603-42D2-9188-19CFF44A1814}.Debug|x86.Build.0 = Debug|Any CPU
		{7A5C5270-A603-42D2-9188-19CFF44A1814}.Release|Any CPU.ActiveCfg = Debug|Any CPU
		{7A5C5270-A603-42D2-9188-19CFF44A1814}.Release|Any CPU.Build.0 = Debug|Any CPU
		{7A5C5270-A603-42D2-9188-19CFF44A1814}.Release|x64.ActiveCfg = Release|Any CPU
		{7A5C5270-A603-42D2-9188-19CFF44A1814}.Release|x64.Build.0 = Release|Any CPU
		{7A5C5270-A603-42D2-9188-19CFF44A1814}.Release|x86.ActiveCfg = Release|Any CPU
		{7A5C5270-A603-42D2-9188-19CFF44A1814}.Release|x86.Build.0 = Release|Any CPU
		{7A5C5270-A603-42D2-9188-19CFF44A1814}.Release-JP|Any CPU.ActiveCfg = Release|Any CPU
		{7A5C5270-A603-42D2-9188-19CFF44A1814}.Release-JP|Any CPU.Build.0 = Release|Any CPU
		{7A5C5270-A603-42D2-9188-19CFF44A1814}.Release-JP|x64.ActiveCfg = Release|Any CPU
		{7A5C5270-A603-42D2-9188-19CFF44A1814}.Release-JP|x64.Build.0 = Release|Any CPU
		{7A5C5270-A603-42D2-9188-19CFF44A1814}.Release-JP|x86.ActiveCfg = Release|Any CPU
		{7A5C5270-A603-42D2-9188-19CFF44A1814}.Release-JP|x86.Build.0 = Release|Any CPU
		{87646170-CCE1-4C7A-BC01-C1F8EA102FC0}.Debug|Any CPU.ActiveCfg = Debug|Any CPU
		{87646170-CCE1-4C7A-BC01-C1F8EA102FC0}.Debug|Any CPU.Build.0 = Debug|Any CPU
		{87646170-CCE1-4C7A-BC01-C1F8EA102FC0}.Debug|x64.ActiveCfg = Debug|Any CPU
		{87646170-CCE1-4C7A-BC01-C1F8EA102FC0}.Debug|x64.Build.0 = Debug|Any CPU
		{87646170-CCE1-4C7A-BC01-C1F8EA102FC0}.Debug|x86.ActiveCfg = Debug|Any CPU
		{87646170-CCE1-4C7A-BC01-C1F8EA102FC0}.Debug|x86.Build.0 = Debug|Any CPU
		{87646170-CCE1-4C7A-BC01-C1F8EA102FC0}.Release|Any CPU.ActiveCfg = Release|Any CPU
		{87646170-CCE1-4C7A-BC01-C1F8EA102FC0}.Release|Any CPU.Build.0 = Release|Any CPU
		{87646170-CCE1-4C7A-BC01-C1F8EA102FC0}.Release|x64.ActiveCfg = Release|Any CPU
		{87646170-CCE1-4C7A-BC01-C1F8EA102FC0}.Release|x64.Build.0 = Release|Any CPU
		{87646170-CCE1-4C7A-BC01-C1F8EA102FC0}.Release|x86.ActiveCfg = Release|Any CPU
		{87646170-CCE1-4C7A-BC01-C1F8EA102FC0}.Release|x86.Build.0 = Release|Any CPU
		{87646170-CCE1-4C7A-BC01-C1F8EA102FC0}.Release-JP|Any CPU.ActiveCfg = Release|Any CPU
		{87646170-CCE1-4C7A-BC01-C1F8EA102FC0}.Release-JP|Any CPU.Build.0 = Release|Any CPU
		{87646170-CCE1-4C7A-BC01-C1F8EA102FC0}.Release-JP|x64.ActiveCfg = Release|Any CPU
		{87646170-CCE1-4C7A-BC01-C1F8EA102FC0}.Release-JP|x64.Build.0 = Release|Any CPU
		{87646170-CCE1-4C7A-BC01-C1F8EA102FC0}.Release-JP|x86.ActiveCfg = Release|Any CPU
		{87646170-CCE1-4C7A-BC01-C1F8EA102FC0}.Release-JP|x86.Build.0 = Release|Any CPU
		{18ED4662-CAEB-4932-8450-137B3CE91768}.Debug|Any CPU.ActiveCfg = Debug|Any CPU
		{18ED4662-CAEB-4932-8450-137B3CE91768}.Debug|Any CPU.Build.0 = Debug|Any CPU
		{18ED4662-CAEB-4932-8450-137B3CE91768}.Debug|x64.ActiveCfg = Debug|Any CPU
		{18ED4662-CAEB-4932-8450-137B3CE91768}.Debug|x64.Build.0 = Debug|Any CPU
		{18ED4662-CAEB-4932-8450-137B3CE91768}.Debug|x86.ActiveCfg = Debug|Any CPU
		{18ED4662-CAEB-4932-8450-137B3CE91768}.Debug|x86.Build.0 = Debug|Any CPU
		{18ED4662-CAEB-4932-8450-137B3CE91768}.Release|Any CPU.ActiveCfg = Release|Any CPU
		{18ED4662-CAEB-4932-8450-137B3CE91768}.Release|Any CPU.Build.0 = Release|Any CPU
		{18ED4662-CAEB-4932-8450-137B3CE91768}.Release|x64.ActiveCfg = Release|Any CPU
		{18ED4662-CAEB-4932-8450-137B3CE91768}.Release|x64.Build.0 = Release|Any CPU
		{18ED4662-CAEB-4932-8450-137B3CE91768}.Release|x86.ActiveCfg = Release|Any CPU
		{18ED4662-CAEB-4932-8450-137B3CE91768}.Release|x86.Build.0 = Release|Any CPU
		{18ED4662-CAEB-4932-8450-137B3CE91768}.Release-JP|Any CPU.ActiveCfg = Release|Any CPU
		{18ED4662-CAEB-4932-8450-137B3CE91768}.Release-JP|Any CPU.Build.0 = Release|Any CPU
		{18ED4662-CAEB-4932-8450-137B3CE91768}.Release-JP|x64.ActiveCfg = Release|Any CPU
		{18ED4662-CAEB-4932-8450-137B3CE91768}.Release-JP|x64.Build.0 = Release|Any CPU
		{18ED4662-CAEB-4932-8450-137B3CE91768}.Release-JP|x86.ActiveCfg = Release|Any CPU
		{18ED4662-CAEB-4932-8450-137B3CE91768}.Release-JP|x86.Build.0 = Release|Any CPU
		{4924F6D5-4D23-45D7-A1CC-74C6D2A56F3C}.Debug|Any CPU.ActiveCfg = Debug|Any CPU
		{4924F6D5-4D23-45D7-A1CC-74C6D2A56F3C}.Debug|Any CPU.Build.0 = Debug|Any CPU
		{4924F6D5-4D23-45D7-A1CC-74C6D2A56F3C}.Debug|x64.ActiveCfg = Debug|Any CPU
		{4924F6D5-4D23-45D7-A1CC-74C6D2A56F3C}.Debug|x64.Build.0 = Debug|Any CPU
		{4924F6D5-4D23-45D7-A1CC-74C6D2A56F3C}.Debug|x86.ActiveCfg = Debug|Any CPU
		{4924F6D5-4D23-45D7-A1CC-74C6D2A56F3C}.Debug|x86.Build.0 = Debug|Any CPU
		{4924F6D5-4D23-45D7-A1CC-74C6D2A56F3C}.Release|Any CPU.ActiveCfg = Release|Any CPU
		{4924F6D5-4D23-45D7-A1CC-74C6D2A56F3C}.Release|Any CPU.Build.0 = Release|Any CPU
		{4924F6D5-4D23-45D7-A1CC-74C6D2A56F3C}.Release|x64.ActiveCfg = Release|Any CPU
		{4924F6D5-4D23-45D7-A1CC-74C6D2A56F3C}.Release|x64.Build.0 = Release|Any CPU
		{4924F6D5-4D23-45D7-A1CC-74C6D2A56F3C}.Release|x86.ActiveCfg = Release|Any CPU
		{4924F6D5-4D23-45D7-A1CC-74C6D2A56F3C}.Release|x86.Build.0 = Release|Any CPU
		{4924F6D5-4D23-45D7-A1CC-74C6D2A56F3C}.Release-JP|Any CPU.ActiveCfg = Release|Any CPU
		{4924F6D5-4D23-45D7-A1CC-74C6D2A56F3C}.Release-JP|Any CPU.Build.0 = Release|Any CPU
		{4924F6D5-4D23-45D7-A1CC-74C6D2A56F3C}.Release-JP|x64.ActiveCfg = Release|Any CPU
		{4924F6D5-4D23-45D7-A1CC-74C6D2A56F3C}.Release-JP|x64.Build.0 = Release|Any CPU
		{4924F6D5-4D23-45D7-A1CC-74C6D2A56F3C}.Release-JP|x86.ActiveCfg = Release|Any CPU
		{4924F6D5-4D23-45D7-A1CC-74C6D2A56F3C}.Release-JP|x86.Build.0 = Release|Any CPU
		{06256632-F48A-41B0-BB3B-6831C64B57A5}.Debug|Any CPU.ActiveCfg = Debug|Any CPU
		{06256632-F48A-41B0-BB3B-6831C64B57A5}.Debug|Any CPU.Build.0 = Debug|Any CPU
		{06256632-F48A-41B0-BB3B-6831C64B57A5}.Debug|x64.ActiveCfg = Debug|Any CPU
		{06256632-F48A-41B0-BB3B-6831C64B57A5}.Debug|x64.Build.0 = Debug|Any CPU
		{06256632-F48A-41B0-BB3B-6831C64B57A5}.Debug|x86.ActiveCfg = Debug|Any CPU
		{06256632-F48A-41B0-BB3B-6831C64B57A5}.Debug|x86.Build.0 = Debug|Any CPU
		{06256632-F48A-41B0-BB3B-6831C64B57A5}.Release|Any CPU.ActiveCfg = Release|Any CPU
		{06256632-F48A-41B0-BB3B-6831C64B57A5}.Release|Any CPU.Build.0 = Release|Any CPU
		{06256632-F48A-41B0-BB3B-6831C64B57A5}.Release|x64.ActiveCfg = Release|Any CPU
		{06256632-F48A-41B0-BB3B-6831C64B57A5}.Release|x64.Build.0 = Release|Any CPU
		{06256632-F48A-41B0-BB3B-6831C64B57A5}.Release|x86.ActiveCfg = Release|Any CPU
		{06256632-F48A-41B0-BB3B-6831C64B57A5}.Release|x86.Build.0 = Release|Any CPU
		{06256632-F48A-41B0-BB3B-6831C64B57A5}.Release-JP|Any CPU.ActiveCfg = Release|Any CPU
		{06256632-F48A-41B0-BB3B-6831C64B57A5}.Release-JP|Any CPU.Build.0 = Release|Any CPU
		{06256632-F48A-41B0-BB3B-6831C64B57A5}.Release-JP|x64.ActiveCfg = Release|Any CPU
		{06256632-F48A-41B0-BB3B-6831C64B57A5}.Release-JP|x64.Build.0 = Release|Any CPU
		{06256632-F48A-41B0-BB3B-6831C64B57A5}.Release-JP|x86.ActiveCfg = Release|Any CPU
		{06256632-F48A-41B0-BB3B-6831C64B57A5}.Release-JP|x86.Build.0 = Release|Any CPU
		{10894136-333A-4833-B045-97EB2CC2848C}.Debug|Any CPU.ActiveCfg = Debug|Any CPU
		{10894136-333A-4833-B045-97EB2CC2848C}.Debug|Any CPU.Build.0 = Debug|Any CPU
		{10894136-333A-4833-B045-97EB2CC2848C}.Debug|x64.ActiveCfg = Debug|Any CPU
		{10894136-333A-4833-B045-97EB2CC2848C}.Debug|x64.Build.0 = Debug|Any CPU
		{10894136-333A-4833-B045-97EB2CC2848C}.Debug|x86.ActiveCfg = Debug|Any CPU
		{10894136-333A-4833-B045-97EB2CC2848C}.Debug|x86.Build.0 = Debug|Any CPU
		{10894136-333A-4833-B045-97EB2CC2848C}.Release|Any CPU.ActiveCfg = Release|Any CPU
		{10894136-333A-4833-B045-97EB2CC2848C}.Release|Any CPU.Build.0 = Release|Any CPU
		{10894136-333A-4833-B045-97EB2CC2848C}.Release|x64.ActiveCfg = Release|Any CPU
		{10894136-333A-4833-B045-97EB2CC2848C}.Release|x64.Build.0 = Release|Any CPU
		{10894136-333A-4833-B045-97EB2CC2848C}.Release|x86.ActiveCfg = Release|Any CPU
		{10894136-333A-4833-B045-97EB2CC2848C}.Release|x86.Build.0 = Release|Any CPU
		{10894136-333A-4833-B045-97EB2CC2848C}.Release-JP|Any CPU.ActiveCfg = Release|Any CPU
		{10894136-333A-4833-B045-97EB2CC2848C}.Release-JP|Any CPU.Build.0 = Release|Any CPU
		{10894136-333A-4833-B045-97EB2CC2848C}.Release-JP|x64.ActiveCfg = Release|Any CPU
		{10894136-333A-4833-B045-97EB2CC2848C}.Release-JP|x64.Build.0 = Release|Any CPU
		{10894136-333A-4833-B045-97EB2CC2848C}.Release-JP|x86.ActiveCfg = Release|Any CPU
		{10894136-333A-4833-B045-97EB2CC2848C}.Release-JP|x86.Build.0 = Release|Any CPU
		{3E22CF0E-7063-4C9A-8F05-7A5955C7B55B}.Debug|Any CPU.ActiveCfg = Debug|Any CPU
		{3E22CF0E-7063-4C9A-8F05-7A5955C7B55B}.Debug|Any CPU.Build.0 = Debug|Any CPU
		{3E22CF0E-7063-4C9A-8F05-7A5955C7B55B}.Debug|x64.ActiveCfg = Debug|Any CPU
		{3E22CF0E-7063-4C9A-8F05-7A5955C7B55B}.Debug|x64.Build.0 = Debug|Any CPU
		{3E22CF0E-7063-4C9A-8F05-7A5955C7B55B}.Debug|x86.ActiveCfg = Debug|Any CPU
		{3E22CF0E-7063-4C9A-8F05-7A5955C7B55B}.Debug|x86.Build.0 = Debug|Any CPU
		{3E22CF0E-7063-4C9A-8F05-7A5955C7B55B}.Release|Any CPU.ActiveCfg = Release|Any CPU
		{3E22CF0E-7063-4C9A-8F05-7A5955C7B55B}.Release|Any CPU.Build.0 = Release|Any CPU
		{3E22CF0E-7063-4C9A-8F05-7A5955C7B55B}.Release|x64.ActiveCfg = Release|Any CPU
		{3E22CF0E-7063-4C9A-8F05-7A5955C7B55B}.Release|x64.Build.0 = Release|Any CPU
		{3E22CF0E-7063-4C9A-8F05-7A5955C7B55B}.Release|x86.ActiveCfg = Release|Any CPU
		{3E22CF0E-7063-4C9A-8F05-7A5955C7B55B}.Release|x86.Build.0 = Release|Any CPU
		{3E22CF0E-7063-4C9A-8F05-7A5955C7B55B}.Release-JP|Any CPU.ActiveCfg = Release|Any CPU
		{3E22CF0E-7063-4C9A-8F05-7A5955C7B55B}.Release-JP|Any CPU.Build.0 = Release|Any CPU
		{3E22CF0E-7063-4C9A-8F05-7A5955C7B55B}.Release-JP|x64.ActiveCfg = Release|Any CPU
		{3E22CF0E-7063-4C9A-8F05-7A5955C7B55B}.Release-JP|x64.Build.0 = Release|Any CPU
		{3E22CF0E-7063-4C9A-8F05-7A5955C7B55B}.Release-JP|x86.ActiveCfg = Release|Any CPU
		{3E22CF0E-7063-4C9A-8F05-7A5955C7B55B}.Release-JP|x86.Build.0 = Release|Any CPU
		{A3E91122-60C0-4ED7-9527-5EE5C662BE1C}.Debug|Any CPU.ActiveCfg = Debug|Any CPU
		{A3E91122-60C0-4ED7-9527-5EE5C662BE1C}.Debug|Any CPU.Build.0 = Debug|Any CPU
		{A3E91122-60C0-4ED7-9527-5EE5C662BE1C}.Debug|x64.ActiveCfg = Debug|Any CPU
		{A3E91122-60C0-4ED7-9527-5EE5C662BE1C}.Debug|x64.Build.0 = Debug|Any CPU
		{A3E91122-60C0-4ED7-9527-5EE5C662BE1C}.Debug|x86.ActiveCfg = Debug|Any CPU
		{A3E91122-60C0-4ED7-9527-5EE5C662BE1C}.Debug|x86.Build.0 = Debug|Any CPU
		{A3E91122-60C0-4ED7-9527-5EE5C662BE1C}.Release|Any CPU.ActiveCfg = Release|Any CPU
		{A3E91122-60C0-4ED7-9527-5EE5C662BE1C}.Release|Any CPU.Build.0 = Release|Any CPU
		{A3E91122-60C0-4ED7-9527-5EE5C662BE1C}.Release|x64.ActiveCfg = Release|Any CPU
		{A3E91122-60C0-4ED7-9527-5EE5C662BE1C}.Release|x64.Build.0 = Release|Any CPU
		{A3E91122-60C0-4ED7-9527-5EE5C662BE1C}.Release|x86.ActiveCfg = Release|Any CPU
		{A3E91122-60C0-4ED7-9527-5EE5C662BE1C}.Release|x86.Build.0 = Release|Any CPU
		{A3E91122-60C0-4ED7-9527-5EE5C662BE1C}.Release-JP|Any CPU.ActiveCfg = Release|Any CPU
		{A3E91122-60C0-4ED7-9527-5EE5C662BE1C}.Release-JP|Any CPU.Build.0 = Release|Any CPU
		{A3E91122-60C0-4ED7-9527-5EE5C662BE1C}.Release-JP|x64.ActiveCfg = Release|Any CPU
		{A3E91122-60C0-4ED7-9527-5EE5C662BE1C}.Release-JP|x64.Build.0 = Release|Any CPU
		{A3E91122-60C0-4ED7-9527-5EE5C662BE1C}.Release-JP|x86.ActiveCfg = Release|Any CPU
		{A3E91122-60C0-4ED7-9527-5EE5C662BE1C}.Release-JP|x86.Build.0 = Release|Any CPU
		{43E438D5-2882-4BC6-9DC3-39C26B38E605}.Debug|Any CPU.ActiveCfg = Debug|Any CPU
		{43E438D5-2882-4BC6-9DC3-39C26B38E605}.Debug|Any CPU.Build.0 = Debug|Any CPU
		{43E438D5-2882-4BC6-9DC3-39C26B38E605}.Debug|x64.ActiveCfg = Debug|Any CPU
		{43E438D5-2882-4BC6-9DC3-39C26B38E605}.Debug|x64.Build.0 = Debug|Any CPU
		{43E438D5-2882-4BC6-9DC3-39C26B38E605}.Debug|x86.ActiveCfg = Debug|Any CPU
		{43E438D5-2882-4BC6-9DC3-39C26B38E605}.Debug|x86.Build.0 = Debug|Any CPU
		{43E438D5-2882-4BC6-9DC3-39C26B38E605}.Release|Any CPU.ActiveCfg = Release|Any CPU
		{43E438D5-2882-4BC6-9DC3-39C26B38E605}.Release|Any CPU.Build.0 = Release|Any CPU
		{43E438D5-2882-4BC6-9DC3-39C26B38E605}.Release|x64.ActiveCfg = Release|Any CPU
		{43E438D5-2882-4BC6-9DC3-39C26B38E605}.Release|x64.Build.0 = Release|Any CPU
		{43E438D5-2882-4BC6-9DC3-39C26B38E605}.Release|x86.ActiveCfg = Release|Any CPU
		{43E438D5-2882-4BC6-9DC3-39C26B38E605}.Release|x86.Build.0 = Release|Any CPU
		{43E438D5-2882-4BC6-9DC3-39C26B38E605}.Release-JP|Any CPU.ActiveCfg = Release|Any CPU
		{43E438D5-2882-4BC6-9DC3-39C26B38E605}.Release-JP|Any CPU.Build.0 = Release|Any CPU
		{43E438D5-2882-4BC6-9DC3-39C26B38E605}.Release-JP|x64.ActiveCfg = Release|Any CPU
		{43E438D5-2882-4BC6-9DC3-39C26B38E605}.Release-JP|x64.Build.0 = Release|Any CPU
		{43E438D5-2882-4BC6-9DC3-39C26B38E605}.Release-JP|x86.ActiveCfg = Release|Any CPU
		{43E438D5-2882-4BC6-9DC3-39C26B38E605}.Release-JP|x86.Build.0 = Release|Any CPU
		{A54595AD-B0BA-4968-BAD1-615F93976661}.Debug|Any CPU.ActiveCfg = Debug|Any CPU
		{A54595AD-B0BA-4968-BAD1-615F93976661}.Debug|Any CPU.Build.0 = Debug|Any CPU
		{A54595AD-B0BA-4968-BAD1-615F93976661}.Debug|x64.ActiveCfg = Debug|Any CPU
		{A54595AD-B0BA-4968-BAD1-615F93976661}.Debug|x64.Build.0 = Debug|Any CPU
		{A54595AD-B0BA-4968-BAD1-615F93976661}.Debug|x86.ActiveCfg = Debug|Any CPU
		{A54595AD-B0BA-4968-BAD1-615F93976661}.Debug|x86.Build.0 = Debug|Any CPU
		{A54595AD-B0BA-4968-BAD1-615F93976661}.Release|Any CPU.ActiveCfg = Release|Any CPU
		{A54595AD-B0BA-4968-BAD1-615F93976661}.Release|Any CPU.Build.0 = Release|Any CPU
		{A54595AD-B0BA-4968-BAD1-615F93976661}.Release|x64.ActiveCfg = Release|Any CPU
		{A54595AD-B0BA-4968-BAD1-615F93976661}.Release|x64.Build.0 = Release|Any CPU
		{A54595AD-B0BA-4968-BAD1-615F93976661}.Release|x86.ActiveCfg = Release|Any CPU
		{A54595AD-B0BA-4968-BAD1-615F93976661}.Release|x86.Build.0 = Release|Any CPU
		{A54595AD-B0BA-4968-BAD1-615F93976661}.Release-JP|Any CPU.ActiveCfg = Release|Any CPU
		{A54595AD-B0BA-4968-BAD1-615F93976661}.Release-JP|Any CPU.Build.0 = Release|Any CPU
		{A54595AD-B0BA-4968-BAD1-615F93976661}.Release-JP|x64.ActiveCfg = Release|Any CPU
		{A54595AD-B0BA-4968-BAD1-615F93976661}.Release-JP|x64.Build.0 = Release|Any CPU
		{A54595AD-B0BA-4968-BAD1-615F93976661}.Release-JP|x86.ActiveCfg = Release|Any CPU
		{A54595AD-B0BA-4968-BAD1-615F93976661}.Release-JP|x86.Build.0 = Release|Any CPU
		{A58268C0-26CF-419D-BB3E-8994B490E448}.Debug|Any CPU.ActiveCfg = Debug|Any CPU
		{A58268C0-26CF-419D-BB3E-8994B490E448}.Debug|Any CPU.Build.0 = Debug|Any CPU
		{A58268C0-26CF-419D-BB3E-8994B490E448}.Debug|x64.ActiveCfg = Debug|Any CPU
		{A58268C0-26CF-419D-BB3E-8994B490E448}.Debug|x64.Build.0 = Debug|Any CPU
		{A58268C0-26CF-419D-BB3E-8994B490E448}.Debug|x86.ActiveCfg = Debug|Any CPU
		{A58268C0-26CF-419D-BB3E-8994B490E448}.Debug|x86.Build.0 = Debug|Any CPU
		{A58268C0-26CF-419D-BB3E-8994B490E448}.Release|Any CPU.ActiveCfg = Release|Any CPU
		{A58268C0-26CF-419D-BB3E-8994B490E448}.Release|Any CPU.Build.0 = Release|Any CPU
		{A58268C0-26CF-419D-BB3E-8994B490E448}.Release|x64.ActiveCfg = Release|Any CPU
		{A58268C0-26CF-419D-BB3E-8994B490E448}.Release|x64.Build.0 = Release|Any CPU
		{A58268C0-26CF-419D-BB3E-8994B490E448}.Release|x86.ActiveCfg = Release|Any CPU
		{A58268C0-26CF-419D-BB3E-8994B490E448}.Release|x86.Build.0 = Release|Any CPU
		{A58268C0-26CF-419D-BB3E-8994B490E448}.Release-JP|Any CPU.ActiveCfg = Release|Any CPU
		{A58268C0-26CF-419D-BB3E-8994B490E448}.Release-JP|Any CPU.Build.0 = Release|Any CPU
		{A58268C0-26CF-419D-BB3E-8994B490E448}.Release-JP|x64.ActiveCfg = Release|Any CPU
		{A58268C0-26CF-419D-BB3E-8994B490E448}.Release-JP|x64.Build.0 = Release|Any CPU
		{A58268C0-26CF-419D-BB3E-8994B490E448}.Release-JP|x86.ActiveCfg = Release|Any CPU
		{A58268C0-26CF-419D-BB3E-8994B490E448}.Release-JP|x86.Build.0 = Release|Any CPU
		{BABFF772-8F01-46ED-ACB5-655B7515F1AD}.Debug|Any CPU.ActiveCfg = Debug|Any CPU
		{BABFF772-8F01-46ED-ACB5-655B7515F1AD}.Debug|Any CPU.Build.0 = Debug|Any CPU
		{BABFF772-8F01-46ED-ACB5-655B7515F1AD}.Debug|x64.ActiveCfg = Debug|Any CPU
		{BABFF772-8F01-46ED-ACB5-655B7515F1AD}.Debug|x64.Build.0 = Debug|Any CPU
		{BABFF772-8F01-46ED-ACB5-655B7515F1AD}.Debug|x86.ActiveCfg = Debug|Any CPU
		{BABFF772-8F01-46ED-ACB5-655B7515F1AD}.Debug|x86.Build.0 = Debug|Any CPU
		{BABFF772-8F01-46ED-ACB5-655B7515F1AD}.Release|Any CPU.ActiveCfg = Release|Any CPU
		{BABFF772-8F01-46ED-ACB5-655B7515F1AD}.Release|Any CPU.Build.0 = Release|Any CPU
		{BABFF772-8F01-46ED-ACB5-655B7515F1AD}.Release|x64.ActiveCfg = Release|Any CPU
		{BABFF772-8F01-46ED-ACB5-655B7515F1AD}.Release|x64.Build.0 = Release|Any CPU
		{BABFF772-8F01-46ED-ACB5-655B7515F1AD}.Release|x86.ActiveCfg = Release|Any CPU
		{BABFF772-8F01-46ED-ACB5-655B7515F1AD}.Release|x86.Build.0 = Release|Any CPU
		{BABFF772-8F01-46ED-ACB5-655B7515F1AD}.Release-JP|Any CPU.ActiveCfg = Release|Any CPU
		{BABFF772-8F01-46ED-ACB5-655B7515F1AD}.Release-JP|Any CPU.Build.0 = Release|Any CPU
		{BABFF772-8F01-46ED-ACB5-655B7515F1AD}.Release-JP|x64.ActiveCfg = Release|Any CPU
		{BABFF772-8F01-46ED-ACB5-655B7515F1AD}.Release-JP|x64.Build.0 = Release|Any CPU
		{BABFF772-8F01-46ED-ACB5-655B7515F1AD}.Release-JP|x86.ActiveCfg = Release|Any CPU
		{BABFF772-8F01-46ED-ACB5-655B7515F1AD}.Release-JP|x86.Build.0 = Release|Any CPU
		{C3048819-367C-4F55-8B03-872F55B4A369}.Debug|Any CPU.ActiveCfg = Debug|Any CPU
		{C3048819-367C-4F55-8B03-872F55B4A369}.Debug|Any CPU.Build.0 = Debug|Any CPU
		{C3048819-367C-4F55-8B03-872F55B4A369}.Debug|x64.ActiveCfg = Debug|Any CPU
		{C3048819-367C-4F55-8B03-872F55B4A369}.Debug|x64.Build.0 = Debug|Any CPU
		{C3048819-367C-4F55-8B03-872F55B4A369}.Debug|x86.ActiveCfg = Debug|Any CPU
		{C3048819-367C-4F55-8B03-872F55B4A369}.Debug|x86.Build.0 = Debug|Any CPU
		{C3048819-367C-4F55-8B03-872F55B4A369}.Release|Any CPU.ActiveCfg = Release|Any CPU
		{C3048819-367C-4F55-8B03-872F55B4A369}.Release|Any CPU.Build.0 = Release|Any CPU
		{C3048819-367C-4F55-8B03-872F55B4A369}.Release|x64.ActiveCfg = Release|Any CPU
		{C3048819-367C-4F55-8B03-872F55B4A369}.Release|x64.Build.0 = Release|Any CPU
		{C3048819-367C-4F55-8B03-872F55B4A369}.Release|x86.ActiveCfg = Release|Any CPU
		{C3048819-367C-4F55-8B03-872F55B4A369}.Release|x86.Build.0 = Release|Any CPU
		{C3048819-367C-4F55-8B03-872F55B4A369}.Release-JP|Any CPU.ActiveCfg = Release|Any CPU
		{C3048819-367C-4F55-8B03-872F55B4A369}.Release-JP|Any CPU.Build.0 = Release|Any CPU
		{C3048819-367C-4F55-8B03-872F55B4A369}.Release-JP|x64.ActiveCfg = Release|Any CPU
		{C3048819-367C-4F55-8B03-872F55B4A369}.Release-JP|x64.Build.0 = Release|Any CPU
		{C3048819-367C-4F55-8B03-872F55B4A369}.Release-JP|x86.ActiveCfg = Release|Any CPU
		{C3048819-367C-4F55-8B03-872F55B4A369}.Release-JP|x86.Build.0 = Release|Any CPU
		{DED331DB-FB04-4A49-9A07-75798511C54F}.Debug|Any CPU.ActiveCfg = Debug|Any CPU
		{DED331DB-FB04-4A49-9A07-75798511C54F}.Debug|Any CPU.Build.0 = Debug|Any CPU
		{DED331DB-FB04-4A49-9A07-75798511C54F}.Debug|x64.ActiveCfg = Debug|Any CPU
		{DED331DB-FB04-4A49-9A07-75798511C54F}.Debug|x64.Build.0 = Debug|Any CPU
		{DED331DB-FB04-4A49-9A07-75798511C54F}.Debug|x86.ActiveCfg = Debug|Any CPU
		{DED331DB-FB04-4A49-9A07-75798511C54F}.Debug|x86.Build.0 = Debug|Any CPU
		{DED331DB-FB04-4A49-9A07-75798511C54F}.Release|Any CPU.ActiveCfg = Release|Any CPU
		{DED331DB-FB04-4A49-9A07-75798511C54F}.Release|Any CPU.Build.0 = Release|Any CPU
		{DED331DB-FB04-4A49-9A07-75798511C54F}.Release|x64.ActiveCfg = Release|Any CPU
		{DED331DB-FB04-4A49-9A07-75798511C54F}.Release|x64.Build.0 = Release|Any CPU
		{DED331DB-FB04-4A49-9A07-75798511C54F}.Release|x86.ActiveCfg = Release|Any CPU
		{DED331DB-FB04-4A49-9A07-75798511C54F}.Release|x86.Build.0 = Release|Any CPU
		{DED331DB-FB04-4A49-9A07-75798511C54F}.Release-JP|Any CPU.ActiveCfg = Release|Any CPU
		{DED331DB-FB04-4A49-9A07-75798511C54F}.Release-JP|Any CPU.Build.0 = Release|Any CPU
		{DED331DB-FB04-4A49-9A07-75798511C54F}.Release-JP|x64.ActiveCfg = Release|Any CPU
		{DED331DB-FB04-4A49-9A07-75798511C54F}.Release-JP|x64.Build.0 = Release|Any CPU
		{DED331DB-FB04-4A49-9A07-75798511C54F}.Release-JP|x86.ActiveCfg = Release|Any CPU
		{DED331DB-FB04-4A49-9A07-75798511C54F}.Release-JP|x86.Build.0 = Release|Any CPU
		{5B40B24D-BA7E-45A4-A56D-68AD5275BF38}.Debug|Any CPU.ActiveCfg = Debug|Any CPU
		{5B40B24D-BA7E-45A4-A56D-68AD5275BF38}.Debug|Any CPU.Build.0 = Debug|Any CPU
		{5B40B24D-BA7E-45A4-A56D-68AD5275BF38}.Debug|x64.ActiveCfg = Debug|Any CPU
		{5B40B24D-BA7E-45A4-A56D-68AD5275BF38}.Debug|x64.Build.0 = Debug|Any CPU
		{5B40B24D-BA7E-45A4-A56D-68AD5275BF38}.Debug|x86.ActiveCfg = Debug|Any CPU
		{5B40B24D-BA7E-45A4-A56D-68AD5275BF38}.Debug|x86.Build.0 = Debug|Any CPU
		{5B40B24D-BA7E-45A4-A56D-68AD5275BF38}.Release|Any CPU.ActiveCfg = Release|Any CPU
		{5B40B24D-BA7E-45A4-A56D-68AD5275BF38}.Release|Any CPU.Build.0 = Release|Any CPU
		{5B40B24D-BA7E-45A4-A56D-68AD5275BF38}.Release|x64.ActiveCfg = Release|Any CPU
		{5B40B24D-BA7E-45A4-A56D-68AD5275BF38}.Release|x64.Build.0 = Release|Any CPU
		{5B40B24D-BA7E-45A4-A56D-68AD5275BF38}.Release|x86.ActiveCfg = Release|Any CPU
		{5B40B24D-BA7E-45A4-A56D-68AD5275BF38}.Release|x86.Build.0 = Release|Any CPU
		{5B40B24D-BA7E-45A4-A56D-68AD5275BF38}.Release-JP|Any CPU.ActiveCfg = Release|Any CPU
		{5B40B24D-BA7E-45A4-A56D-68AD5275BF38}.Release-JP|Any CPU.Build.0 = Release|Any CPU
		{5B40B24D-BA7E-45A4-A56D-68AD5275BF38}.Release-JP|x64.ActiveCfg = Release|Any CPU
		{5B40B24D-BA7E-45A4-A56D-68AD5275BF38}.Release-JP|x64.Build.0 = Release|Any CPU
		{5B40B24D-BA7E-45A4-A56D-68AD5275BF38}.Release-JP|x86.ActiveCfg = Release|Any CPU
		{5B40B24D-BA7E-45A4-A56D-68AD5275BF38}.Release-JP|x86.Build.0 = Release|Any CPU
		{45EBA47D-F7A0-4422-AEBB-B7DAC03E9AE0}.Debug|Any CPU.ActiveCfg = Debug|Any CPU
		{45EBA47D-F7A0-4422-AEBB-B7DAC03E9AE0}.Debug|Any CPU.Build.0 = Debug|Any CPU
		{45EBA47D-F7A0-4422-AEBB-B7DAC03E9AE0}.Debug|x64.ActiveCfg = Debug|Any CPU
		{45EBA47D-F7A0-4422-AEBB-B7DAC03E9AE0}.Debug|x64.Build.0 = Debug|Any CPU
		{45EBA47D-F7A0-4422-AEBB-B7DAC03E9AE0}.Debug|x86.ActiveCfg = Debug|Any CPU
		{45EBA47D-F7A0-4422-AEBB-B7DAC03E9AE0}.Debug|x86.Build.0 = Debug|Any CPU
		{45EBA47D-F7A0-4422-AEBB-B7DAC03E9AE0}.Release|Any CPU.ActiveCfg = Release|Any CPU
		{45EBA47D-F7A0-4422-AEBB-B7DAC03E9AE0}.Release|Any CPU.Build.0 = Release|Any CPU
		{45EBA47D-F7A0-4422-AEBB-B7DAC03E9AE0}.Release|x64.ActiveCfg = Release|Any CPU
		{45EBA47D-F7A0-4422-AEBB-B7DAC03E9AE0}.Release|x64.Build.0 = Release|Any CPU
		{45EBA47D-F7A0-4422-AEBB-B7DAC03E9AE0}.Release|x86.ActiveCfg = Release|Any CPU
		{45EBA47D-F7A0-4422-AEBB-B7DAC03E9AE0}.Release|x86.Build.0 = Release|Any CPU
		{45EBA47D-F7A0-4422-AEBB-B7DAC03E9AE0}.Release-JP|Any CPU.ActiveCfg = Release|Any CPU
		{45EBA47D-F7A0-4422-AEBB-B7DAC03E9AE0}.Release-JP|Any CPU.Build.0 = Release|Any CPU
		{45EBA47D-F7A0-4422-AEBB-B7DAC03E9AE0}.Release-JP|x64.ActiveCfg = Release|Any CPU
		{45EBA47D-F7A0-4422-AEBB-B7DAC03E9AE0}.Release-JP|x64.Build.0 = Release|Any CPU
		{45EBA47D-F7A0-4422-AEBB-B7DAC03E9AE0}.Release-JP|x86.ActiveCfg = Release|Any CPU
		{45EBA47D-F7A0-4422-AEBB-B7DAC03E9AE0}.Release-JP|x86.Build.0 = Release|Any CPU
	EndGlobalSection
	GlobalSection(SolutionProperties) = preSolution
		HideSolutionNode = FALSE
	EndGlobalSection
	GlobalSection(NestedProjects) = preSolution
		{7A5C5270-A603-42D2-9188-19CFF44A1814} = {771E6CF1-4637-4F3B-80E2-F45489376917}
		{87646170-CCE1-4C7A-BC01-C1F8EA102FC0} = {79E15313-B7F7-4AC1-B062-83D379FFEE00}
		{18ED4662-CAEB-4932-8450-137B3CE91768} = {79E15313-B7F7-4AC1-B062-83D379FFEE00}
		{4924F6D5-4D23-45D7-A1CC-74C6D2A56F3C} = {771E6CF1-4637-4F3B-80E2-F45489376917}
		{06256632-F48A-41B0-BB3B-6831C64B57A5} = {771E6CF1-4637-4F3B-80E2-F45489376917}
		{10894136-333A-4833-B045-97EB2CC2848C} = {79E15313-B7F7-4AC1-B062-83D379FFEE00}
		{3E22CF0E-7063-4C9A-8F05-7A5955C7B55B} = {79E15313-B7F7-4AC1-B062-83D379FFEE00}
		{EC94D71B-AA5E-41A9-834D-01CDFE0012E6} = {79E15313-B7F7-4AC1-B062-83D379FFEE00}
		{B60970D6-1B52-44E1-8612-5DE9AF0654FA} = {79E15313-B7F7-4AC1-B062-83D379FFEE00}
		{A3E91122-60C0-4ED7-9527-5EE5C662BE1C} = {B60970D6-1B52-44E1-8612-5DE9AF0654FA}
		{43E438D5-2882-4BC6-9DC3-39C26B38E605} = {EC94D71B-AA5E-41A9-834D-01CDFE0012E6}
		{A54595AD-B0BA-4968-BAD1-615F93976661} = {EC94D71B-AA5E-41A9-834D-01CDFE0012E6}
		{A58268C0-26CF-419D-BB3E-8994B490E448} = {EC94D71B-AA5E-41A9-834D-01CDFE0012E6}
		{BABFF772-8F01-46ED-ACB5-655B7515F1AD} = {B60970D6-1B52-44E1-8612-5DE9AF0654FA}
		{C3048819-367C-4F55-8B03-872F55B4A369} = {771E6CF1-4637-4F3B-80E2-F45489376917}
		{DED331DB-FB04-4A49-9A07-75798511C54F} = {79E15313-B7F7-4AC1-B062-83D379FFEE00}
		{5B40B24D-BA7E-45A4-A56D-68AD5275BF38} = {771E6CF1-4637-4F3B-80E2-F45489376917}
		{45EBA47D-F7A0-4422-AEBB-B7DAC03E9AE0} = {771E6CF1-4637-4F3B-80E2-F45489376917}
	EndGlobalSection
EndGlobal
